
Microsoft Visual Studio Solution File, Format Version 12.00
# Visual Studio 14
VisualStudioVersion = 14.0.25123.0
MinimumVisualStudioVersion = 10.0.40219.1
Project("{2150E333-8FDC-42A3-9474-1A3956D46DE8}") = "Shared", "Shared", "{76332FAB-DD37-4031-998E-BFEC9F132A53}"
EndProject
Project("{2150E333-8FDC-42A3-9474-1A3956D46DE8}") = "Robot", "Robot", "{5D545FA2-E8DD-47C2-9C46-32248347D1E7}"
EndProject
Project("{FAE04EC0-301F-11D3-BF4B-00C04F79EFBC}") = "RoverMe.Shared.Commands", "RoverMe.Shared.Commands\RoverMe.Shared.Commands.csproj", "{188DB486-AB46-4D1D-AD19-9B0D752DAE23}"
EndProject
Project("{FAE04EC0-301F-11D3-BF4B-00C04F79EFBC}") = "RoverMe.Robot.Host", "RoverMe.Robot.Host\RoverMe.Robot.Host.csproj", "{3B4230DE-5B5F-475D-B7AD-FC07F71E00B9}"
EndProject
Project("{FAE04EC0-301F-11D3-BF4B-00C04F79EFBC}") = "RoverMe", "RoverMe\RoverMe.csproj", "{D784C646-9448-4D37-8656-8276BBCCF7AA}"
EndProject
Project("{FAE04EC0-301F-11D3-BF4B-00C04F79EFBC}") = "RoverMe.Robot.RaspberryPi2", "RoverMe.Robot.RaspberryPi2\RoverMe.Robot.RaspberryPi2.csproj", "{3DB1E9B8-12D7-41A3-9ECC-35E0DFE619CC}"
EndProject
Project("{FAE04EC0-301F-11D3-BF4B-00C04F79EFBC}") = "RoverMe.Shared.Network", "RoverMe.Shared.Network\RoverMe.Shared.Network.csproj", "{0F394C26-5104-46E0-AD83-FFCE2E654F30}"
EndProject
Project("{FAE04EC0-301F-11D3-BF4B-00C04F79EFBC}") = "RoverMe.Robot.Host.Tests", "RoverMe.Robot.Host.Tests\RoverMe.Robot.Host.Tests.csproj", "{723197DA-6FD8-433B-AAAB-7901AFD9441F}"
EndProject
Project("{FAE04EC0-301F-11D3-BF4B-00C04F79EFBC}") = "RoverMe.Shared.Network.Tests", "RoverMe.Shared.Network.Tests\RoverMe.Shared.Network.Tests.csproj", "{631E830B-CBEA-4218-92EC-FCD2AF6EB702}"
EndProject
Project("{FAE04EC0-301F-11D3-BF4B-00C04F79EFBC}") = "WifiConnectLibrary", "WifiConnectLibrary\WifiConnectLibrary.csproj", "{CE7F80DD-649E-4DD8-A77F-2834E623CD96}"
EndProject
Global
	GlobalSection(SolutionConfigurationPlatforms) = preSolution
		Debug|Any CPU = Debug|Any CPU
		Debug|ARM = Debug|ARM
		Debug|x64 = Debug|x64
		Debug|x86 = Debug|x86
		Release|Any CPU = Release|Any CPU
		Release|ARM = Release|ARM
		Release|x64 = Release|x64
		Release|x86 = Release|x86
	EndGlobalSection
	GlobalSection(ProjectConfigurationPlatforms) = postSolution
		{188DB486-AB46-4D1D-AD19-9B0D752DAE23}.Debug|Any CPU.ActiveCfg = Debug|Any CPU
		{188DB486-AB46-4D1D-AD19-9B0D752DAE23}.Debug|Any CPU.Build.0 = Debug|Any CPU
		{188DB486-AB46-4D1D-AD19-9B0D752DAE23}.Debug|ARM.ActiveCfg = Debug|ARM
		{188DB486-AB46-4D1D-AD19-9B0D752DAE23}.Debug|ARM.Build.0 = Debug|ARM
		{188DB486-AB46-4D1D-AD19-9B0D752DAE23}.Debug|x64.ActiveCfg = Debug|x64
		{188DB486-AB46-4D1D-AD19-9B0D752DAE23}.Debug|x64.Build.0 = Debug|x64
		{188DB486-AB46-4D1D-AD19-9B0D752DAE23}.Debug|x86.ActiveCfg = Debug|x86
		{188DB486-AB46-4D1D-AD19-9B0D752DAE23}.Debug|x86.Build.0 = Debug|x86
		{188DB486-AB46-4D1D-AD19-9B0D752DAE23}.Release|Any CPU.ActiveCfg = Release|Any CPU
		{188DB486-AB46-4D1D-AD19-9B0D752DAE23}.Release|Any CPU.Build.0 = Release|Any CPU
		{188DB486-AB46-4D1D-AD19-9B0D752DAE23}.Release|ARM.ActiveCfg = Release|ARM
		{188DB486-AB46-4D1D-AD19-9B0D752DAE23}.Release|ARM.Build.0 = Release|ARM
		{188DB486-AB46-4D1D-AD19-9B0D752DAE23}.Release|x64.ActiveCfg = Release|x64
		{188DB486-AB46-4D1D-AD19-9B0D752DAE23}.Release|x64.Build.0 = Release|x64
		{188DB486-AB46-4D1D-AD19-9B0D752DAE23}.Release|x86.ActiveCfg = Release|x86
		{188DB486-AB46-4D1D-AD19-9B0D752DAE23}.Release|x86.Build.0 = Release|x86
		{3B4230DE-5B5F-475D-B7AD-FC07F71E00B9}.Debug|Any CPU.ActiveCfg = Debug|Any CPU
		{3B4230DE-5B5F-475D-B7AD-FC07F71E00B9}.Debug|Any CPU.Build.0 = Debug|Any CPU
		{3B4230DE-5B5F-475D-B7AD-FC07F71E00B9}.Debug|ARM.ActiveCfg = Debug|ARM
		{3B4230DE-5B5F-475D-B7AD-FC07F71E00B9}.Debug|ARM.Build.0 = Debug|ARM
		{3B4230DE-5B5F-475D-B7AD-FC07F71E00B9}.Debug|x64.ActiveCfg = Debug|x64
		{3B4230DE-5B5F-475D-B7AD-FC07F71E00B9}.Debug|x64.Build.0 = Debug|x64
		{3B4230DE-5B5F-475D-B7AD-FC07F71E00B9}.Debug|x86.ActiveCfg = Debug|x86
		{3B4230DE-5B5F-475D-B7AD-FC07F71E00B9}.Debug|x86.Build.0 = Debug|x86
		{3B4230DE-5B5F-475D-B7AD-FC07F71E00B9}.Release|Any CPU.ActiveCfg = Release|Any CPU
		{3B4230DE-5B5F-475D-B7AD-FC07F71E00B9}.Release|Any CPU.Build.0 = Release|Any CPU
		{3B4230DE-5B5F-475D-B7AD-FC07F71E00B9}.Release|ARM.ActiveCfg = Release|ARM
		{3B4230DE-5B5F-475D-B7AD-FC07F71E00B9}.Release|ARM.Build.0 = Release|ARM
		{3B4230DE-5B5F-475D-B7AD-FC07F71E00B9}.Release|x64.ActiveCfg = Release|x64
		{3B4230DE-5B5F-475D-B7AD-FC07F71E00B9}.Release|x64.Build.0 = Release|x64
		{3B4230DE-5B5F-475D-B7AD-FC07F71E00B9}.Release|x86.ActiveCfg = Release|x86
		{3B4230DE-5B5F-475D-B7AD-FC07F71E00B9}.Release|x86.Build.0 = Release|x86
		{D784C646-9448-4D37-8656-8276BBCCF7AA}.Debug|Any CPU.ActiveCfg = Debug|x86
		{D784C646-9448-4D37-8656-8276BBCCF7AA}.Debug|Any CPU.Build.0 = Debug|x86
		{D784C646-9448-4D37-8656-8276BBCCF7AA}.Debug|Any CPU.Deploy.0 = Debug|x86
		{D784C646-9448-4D37-8656-8276BBCCF7AA}.Debug|ARM.ActiveCfg = Debug|ARM
		{D784C646-9448-4D37-8656-8276BBCCF7AA}.Debug|ARM.Build.0 = Debug|ARM
		{D784C646-9448-4D37-8656-8276BBCCF7AA}.Debug|ARM.Deploy.0 = Debug|ARM
		{D784C646-9448-4D37-8656-8276BBCCF7AA}.Debug|x64.ActiveCfg = Debug|x64
		{D784C646-9448-4D37-8656-8276BBCCF7AA}.Debug|x64.Build.0 = Debug|x64
		{D784C646-9448-4D37-8656-8276BBCCF7AA}.Debug|x64.Deploy.0 = Debug|x64
		{D784C646-9448-4D37-8656-8276BBCCF7AA}.Debug|x86.ActiveCfg = Debug|x86
		{D784C646-9448-4D37-8656-8276BBCCF7AA}.Debug|x86.Build.0 = Debug|x86
		{D784C646-9448-4D37-8656-8276BBCCF7AA}.Debug|x86.Deploy.0 = Debug|x86
		{D784C646-9448-4D37-8656-8276BBCCF7AA}.Release|Any CPU.ActiveCfg = Release|x86
		{D784C646-9448-4D37-8656-8276BBCCF7AA}.Release|ARM.ActiveCfg = Release|ARM
		{D784C646-9448-4D37-8656-8276BBCCF7AA}.Release|ARM.Build.0 = Release|ARM
		{D784C646-9448-4D37-8656-8276BBCCF7AA}.Release|ARM.Deploy.0 = Release|ARM
		{D784C646-9448-4D37-8656-8276BBCCF7AA}.Release|x64.ActiveCfg = Release|x64
		{D784C646-9448-4D37-8656-8276BBCCF7AA}.Release|x64.Build.0 = Release|x64
		{D784C646-9448-4D37-8656-8276BBCCF7AA}.Release|x64.Deploy.0 = Release|x64
		{D784C646-9448-4D37-8656-8276BBCCF7AA}.Release|x86.ActiveCfg = Release|x86
		{D784C646-9448-4D37-8656-8276BBCCF7AA}.Release|x86.Build.0 = Release|x86
		{D784C646-9448-4D37-8656-8276BBCCF7AA}.Release|x86.Deploy.0 = Release|x86
		{3DB1E9B8-12D7-41A3-9ECC-35E0DFE619CC}.Debug|Any CPU.ActiveCfg = Debug|Any CPU
		{3DB1E9B8-12D7-41A3-9ECC-35E0DFE619CC}.Debug|Any CPU.Build.0 = Debug|Any CPU
		{3DB1E9B8-12D7-41A3-9ECC-35E0DFE619CC}.Debug|ARM.ActiveCfg = Debug|ARM
		{3DB1E9B8-12D7-41A3-9ECC-35E0DFE619CC}.Debug|ARM.Build.0 = Debug|ARM
		{3DB1E9B8-12D7-41A3-9ECC-35E0DFE619CC}.Debug|x64.ActiveCfg = Debug|x64
		{3DB1E9B8-12D7-41A3-9ECC-35E0DFE619CC}.Debug|x64.Build.0 = Debug|x64
		{3DB1E9B8-12D7-41A3-9ECC-35E0DFE619CC}.Debug|x86.ActiveCfg = Debug|x86
		{3DB1E9B8-12D7-41A3-9ECC-35E0DFE619CC}.Debug|x86.Build.0 = Debug|x86
		{3DB1E9B8-12D7-41A3-9ECC-35E0DFE619CC}.Release|Any CPU.ActiveCfg = Release|Any CPU
		{3DB1E9B8-12D7-41A3-9ECC-35E0DFE619CC}.Release|Any CPU.Build.0 = Release|Any CPU
		{3DB1E9B8-12D7-41A3-9ECC-35E0DFE619CC}.Release|ARM.ActiveCfg = Release|ARM
		{3DB1E9B8-12D7-41A3-9ECC-35E0DFE619CC}.Release|ARM.Build.0 = Release|ARM
		{3DB1E9B8-12D7-41A3-9ECC-35E0DFE619CC}.Release|x64.ActiveCfg = Release|x64
		{3DB1E9B8-12D7-41A3-9ECC-35E0DFE619CC}.Release|x64.Build.0 = Release|x64
		{3DB1E9B8-12D7-41A3-9ECC-35E0DFE619CC}.Release|x86.ActiveCfg = Release|x86
		{3DB1E9B8-12D7-41A3-9ECC-35E0DFE619CC}.Release|x86.Build.0 = Release|x86
		{0F394C26-5104-46E0-AD83-FFCE2E654F30}.Debug|Any CPU.ActiveCfg = Debug|Any CPU
		{0F394C26-5104-46E0-AD83-FFCE2E654F30}.Debug|Any CPU.Build.0 = Debug|Any CPU
		{0F394C26-5104-46E0-AD83-FFCE2E654F30}.Debug|ARM.ActiveCfg = Debug|ARM
		{0F394C26-5104-46E0-AD83-FFCE2E654F30}.Debug|ARM.Build.0 = Debug|ARM
		{0F394C26-5104-46E0-AD83-FFCE2E654F30}.Debug|x64.ActiveCfg = Debug|x64
		{0F394C26-5104-46E0-AD83-FFCE2E654F30}.Debug|x64.Build.0 = Debug|x64
		{0F394C26-5104-46E0-AD83-FFCE2E654F30}.Debug|x86.ActiveCfg = Debug|x86
		{0F394C26-5104-46E0-AD83-FFCE2E654F30}.Debug|x86.Build.0 = Debug|x86
		{0F394C26-5104-46E0-AD83-FFCE2E654F30}.Release|Any CPU.ActiveCfg = Release|Any CPU
		{0F394C26-5104-46E0-AD83-FFCE2E654F30}.Release|Any CPU.Build.0 = Release|Any CPU
		{0F394C26-5104-46E0-AD83-FFCE2E654F30}.Release|ARM.ActiveCfg = Release|ARM
		{0F394C26-5104-46E0-AD83-FFCE2E654F30}.Release|ARM.Build.0 = Release|ARM
		{0F394C26-5104-46E0-AD83-FFCE2E654F30}.Release|x64.ActiveCfg = Release|x64
		{0F394C26-5104-46E0-AD83-FFCE2E654F30}.Release|x64.Build.0 = Release|x64
		{0F394C26-5104-46E0-AD83-FFCE2E654F30}.Release|x86.ActiveCfg = Release|x86
		{0F394C26-5104-46E0-AD83-FFCE2E654F30}.Release|x86.Build.0 = Release|x86
		{723197DA-6FD8-433B-AAAB-7901AFD9441F}.Debug|Any CPU.ActiveCfg = Debug|x86
		{723197DA-6FD8-433B-AAAB-7901AFD9441F}.Debug|Any CPU.Build.0 = Debug|x86
		{723197DA-6FD8-433B-AAAB-7901AFD9441F}.Debug|ARM.ActiveCfg = Debug|ARM
		{723197DA-6FD8-433B-AAAB-7901AFD9441F}.Debug|ARM.Build.0 = Debug|ARM
		{723197DA-6FD8-433B-AAAB-7901AFD9441F}.Debug|ARM.Deploy.0 = Debug|ARM
		{723197DA-6FD8-433B-AAAB-7901AFD9441F}.Debug|x64.ActiveCfg = Debug|x64
		{723197DA-6FD8-433B-AAAB-7901AFD9441F}.Debug|x64.Build.0 = Debug|x64
		{723197DA-6FD8-433B-AAAB-7901AFD9441F}.Debug|x64.Deploy.0 = Debug|x64
		{723197DA-6FD8-433B-AAAB-7901AFD9441F}.Debug|x86.ActiveCfg = Debug|x86
		{723197DA-6FD8-433B-AAAB-7901AFD9441F}.Debug|x86.Build.0 = Debug|x86
		{723197DA-6FD8-433B-AAAB-7901AFD9441F}.Debug|x86.Deploy.0 = Debug|x86
		{723197DA-6FD8-433B-AAAB-7901AFD9441F}.Release|Any CPU.ActiveCfg = Release|x86
		{723197DA-6FD8-433B-AAAB-7901AFD9441F}.Release|ARM.ActiveCfg = Release|ARM
		{723197DA-6FD8-433B-AAAB-7901AFD9441F}.Release|ARM.Build.0 = Release|ARM
		{723197DA-6FD8-433B-AAAB-7901AFD9441F}.Release|ARM.Deploy.0 = Release|ARM
		{723197DA-6FD8-433B-AAAB-7901AFD9441F}.Release|x64.ActiveCfg = Release|x64
		{723197DA-6FD8-433B-AAAB-7901AFD9441F}.Release|x64.Build.0 = Release|x64
		{723197DA-6FD8-433B-AAAB-7901AFD9441F}.Release|x64.Deploy.0 = Release|x64
		{723197DA-6FD8-433B-AAAB-7901AFD9441F}.Release|x86.ActiveCfg = Release|x86
		{723197DA-6FD8-433B-AAAB-7901AFD9441F}.Release|x86.Build.0 = Release|x86
		{723197DA-6FD8-433B-AAAB-7901AFD9441F}.Release|x86.Deploy.0 = Release|x86
		{631E830B-CBEA-4218-92EC-FCD2AF6EB702}.Debug|Any CPU.ActiveCfg = Debug|x86
		{631E830B-CBEA-4218-92EC-FCD2AF6EB702}.Debug|Any CPU.Build.0 = Debug|x86
		{631E830B-CBEA-4218-92EC-FCD2AF6EB702}.Debug|ARM.ActiveCfg = Debug|ARM
		{631E830B-CBEA-4218-92EC-FCD2AF6EB702}.Debug|ARM.Build.0 = Debug|ARM
		{631E830B-CBEA-4218-92EC-FCD2AF6EB702}.Debug|ARM.Deploy.0 = Debug|ARM
		{631E830B-CBEA-4218-92EC-FCD2AF6EB702}.Debug|x64.ActiveCfg = Debug|x64
		{631E830B-CBEA-4218-92EC-FCD2AF6EB702}.Debug|x64.Build.0 = Debug|x64
		{631E830B-CBEA-4218-92EC-FCD2AF6EB702}.Debug|x64.Deploy.0 = Debug|x64
		{631E830B-CBEA-4218-92EC-FCD2AF6EB702}.Debug|x86.ActiveCfg = Debug|x86
		{631E830B-CBEA-4218-92EC-FCD2AF6EB702}.Debug|x86.Build.0 = Debug|x86
		{631E830B-CBEA-4218-92EC-FCD2AF6EB702}.Debug|x86.Deploy.0 = Debug|x86
		{631E830B-CBEA-4218-92EC-FCD2AF6EB702}.Release|Any CPU.ActiveCfg = Release|x86
		{631E830B-CBEA-4218-92EC-FCD2AF6EB702}.Release|ARM.ActiveCfg = Release|ARM
		{631E830B-CBEA-4218-92EC-FCD2AF6EB702}.Release|ARM.Build.0 = Release|ARM
		{631E830B-CBEA-4218-92EC-FCD2AF6EB702}.Release|ARM.Deploy.0 = Release|ARM
		{631E830B-CBEA-4218-92EC-FCD2AF6EB702}.Release|x64.ActiveCfg = Release|x64
		{631E830B-CBEA-4218-92EC-FCD2AF6EB702}.Release|x64.Build.0 = Release|x64
		{631E830B-CBEA-4218-92EC-FCD2AF6EB702}.Release|x64.Deploy.0 = Release|x64
		{631E830B-CBEA-4218-92EC-FCD2AF6EB702}.Release|x86.ActiveCfg = Release|x86
		{631E830B-CBEA-4218-92EC-FCD2AF6EB702}.Release|x86.Build.0 = Release|x86
		{631E830B-CBEA-4218-92EC-FCD2AF6EB702}.Release|x86.Deploy.0 = Release|x86
		{CE7F80DD-649E-4DD8-A77F-2834E623CD96}.Debug|Any CPU.ActiveCfg = Debug|Any CPU
		{CE7F80DD-649E-4DD8-A77F-2834E623CD96}.Debug|Any CPU.Build.0 = Debug|Any CPU
		{CE7F80DD-649E-4DD8-A77F-2834E623CD96}.Debug|ARM.ActiveCfg = Debug|ARM
		{CE7F80DD-649E-4DD8-A77F-2834E623CD96}.Debug|ARM.Build.0 = Debug|ARM
		{CE7F80DD-649E-4DD8-A77F-2834E623CD96}.Debug|x64.ActiveCfg = Debug|x64
		{CE7F80DD-649E-4DD8-A77F-2834E623CD96}.Debug|x64.Build.0 = Debug|x64
		{CE7F80DD-649E-4DD8-A77F-2834E623CD96}.Debug|x86.ActiveCfg = Debug|x86
		{CE7F80DD-649E-4DD8-A77F-2834E623CD96}.Debug|x86.Build.0 = Debug|x86
		{CE7F80DD-649E-4DD8-A77F-2834E623CD96}.Release|Any CPU.ActiveCfg = Release|Any CPU
		{CE7F80DD-649E-4DD8-A77F-2834E623CD96}.Release|Any CPU.Build.0 = Release|Any CPU
		{CE7F80DD-649E-4DD8-A77F-2834E623CD96}.Release|ARM.ActiveCfg = Release|ARM
		{CE7F80DD-649E-4DD8-A77F-2834E623CD96}.Release|ARM.Build.0 = Release|ARM
		{CE7F80DD-649E-4DD8-A77F-2834E623CD96}.Release|x64.ActiveCfg = Release|x64
		{CE7F80DD-649E-4DD8-A77F-2834E623CD96}.Release|x64.Build.0 = Release|x64
		{CE7F80DD-649E-4DD8-A77F-2834E623CD96}.Release|x86.ActiveCfg = Release|x86
		{CE7F80DD-649E-4DD8-A77F-2834E623CD96}.Release|x86.Build.0 = Release|x86
	EndGlobalSection
	GlobalSection(SolutionProperties) = preSolution
		HideSolutionNode = FALSE
	EndGlobalSection
	GlobalSection(NestedProjects) = preSolution
		{188DB486-AB46-4D1D-AD19-9B0D752DAE23} = {76332FAB-DD37-4031-998E-BFEC9F132A53}
		{3B4230DE-5B5F-475D-B7AD-FC07F71E00B9} = {5D545FA2-E8DD-47C2-9C46-32248347D1E7}
		{3DB1E9B8-12D7-41A3-9ECC-35E0DFE619CC} = {5D545FA2-E8DD-47C2-9C46-32248347D1E7}
		{0F394C26-5104-46E0-AD83-FFCE2E654F30} = {76332FAB-DD37-4031-998E-BFEC9F132A53}
		{723197DA-6FD8-433B-AAAB-7901AFD9441F} = {5D545FA2-E8DD-47C2-9C46-32248347D1E7}
		{631E830B-CBEA-4218-92EC-FCD2AF6EB702} = {76332FAB-DD37-4031-998E-BFEC9F132A53}
		{CE7F80DD-649E-4DD8-A77F-2834E623CD96} = {76332FAB-DD37-4031-998E-BFEC9F132A53}
	EndGlobalSection
EndGlobal
